{
  "R": {
    "Version": "4.4.0",
    "Repositories": [
      {
        "Name": "CRAN",
        "URL": "https://packagemanager.posit.co/cran/latest"
      }
    ]
  },
  "Bioconductor": {
    "Version": "3.19"
  },
  "Packages": {
    "BiocManager": {
      "Package": "BiocManager",
      "Version": "1.30.23",
      "Source": "Repository",
      "Repository": "CRAN",
      "Requirements": [
        "utils"
      ],
      "Hash": "47e968dfe563c1b22c2e20a067ec21d5"
    },
    "BiocVersion": {
      "Package": "BiocVersion",
      "Version": "3.19.1",
      "Source": "Bioconductor",
      "Repository": "Bioconductor 3.19",
      "Requirements": [
        "R"
      ],
      "Hash": "b892e27fc9659a4c8f8787d34c37b8b2"
    },
    "Herper": {
      "Package": "Herper",
      "Version": "1.14.0",
      "Source": "Bioconductor",
      "Repository": "Bioconductor 3.19",
      "Requirements": [
        "R",
        "reticulate",
        "rjson",
        "stats",
        "utils",
        "withr"
      ],
      "Hash": "084f037261d607f808fb07752463d43c"
    },
    "Matrix": {
      "Package": "Matrix",
      "Version": "1.7-0",
      "Source": "Repository",
      "Repository": "CRAN",
      "Requirements": [
        "R",
        "grDevices",
        "graphics",
        "grid",
        "lattice",
        "methods",
        "stats",
        "utils"
      ],
      "Hash": "1920b2f11133b12350024297d8a4ff4a"
    },
    "Rcpp": {
      "Package": "Rcpp",
      "Version": "1.0.13",
      "Source": "Repository",
      "Repository": "CRAN",
      "Requirements": [
        "methods",
        "utils"
      ],
      "Hash": "f27411eb6d9c3dada5edd444b8416675"
    },
    "RcppTOML": {
      "Package": "RcppTOML",
      "Version": "0.2.2",
      "Source": "Repository",
      "Repository": "CRAN",
      "Requirements": [
        "R",
        "Rcpp"
      ],
      "Hash": "c232938949fcd8126034419cc529333a"
    },
    "here": {
      "Package": "here",
      "Version": "1.0.1",
      "Source": "Repository",
      "Repository": "CRAN",
      "Requirements": [
        "rprojroot"
      ],
      "Hash": "24b224366f9c2e7534d2344d10d59211"
    },
    "jsonlite": {
      "Package": "jsonlite",
      "Version": "1.8.8",
      "Source": "Repository",
      "Repository": "CRAN",
      "Requirements": [
        "methods"
      ],
      "Hash": "e1b9c55281c5adc4dd113652d9e26768"
    },
    "lattice": {
      "Package": "lattice",
      "Version": "0.22-6",
      "Source": "Repository",
      "Repository": "CRAN",
      "Requirements": [
        "R",
        "grDevices",
        "graphics",
        "grid",
        "stats",
        "utils"
      ],
      "Hash": "cc5ac1ba4c238c7ca9fa6a87ca11a7e2"
    },
    "png": {
      "Package": "png",
      "Version": "0.1-8",
      "Source": "Repository",
      "Repository": "CRAN",
      "Requirements": [
        "R"
      ],
      "Hash": "bd54ba8a0a5faded999a7aab6e46b374"
    },
    "rappdirs": {
      "Package": "rappdirs",
      "Version": "0.3.3",
      "Source": "Repository",
      "Repository": "CRAN",
      "Requirements": [
        "R"
      ],
      "Hash": "5e3c5dc0b071b21fa128676560dbe94d"
    },
    "renv": {
      "Package": "renv",
      "Version": "1.0.7",
      "Source": "Repository",
      "Repository": "CRAN",
      "Requirements": [
        "utils"
      ],
      "Hash": "397b7b2a265bc5a7a06852524dabae20"
    },
    "reticulate": {
      "Package": "reticulate",
      "Version": "1.38.0",
      "Source": "Repository",
      "Repository": "CRAN",
      "Requirements": [
        "Matrix",
        "R",
        "Rcpp",
        "RcppTOML",
        "graphics",
        "here",
        "jsonlite",
        "methods",
        "png",
        "rappdirs",
        "rlang",
        "utils",
        "withr"
      ],
      "Hash": "8810e64cfe0240afe926617a854a38a4"
    },
    "rjson": {
      "Package": "rjson",
      "Version": "0.2.22",
      "Source": "Repository",
      "Repository": "CRAN",
      "Requirements": [
        "R"
      ],
      "Hash": "ff387cabd34002e7e50d2becacb0be76"
    },
    "rlang": {
      "Package": "rlang",
      "Version": "1.1.4",
      "Source": "Repository",
      "Repository": "CRAN",
      "Requirements": [
        "R",
        "utils"
      ],
      "Hash": "3eec01f8b1dee337674b2e34ab1f9bc1"
    },
    "rprojroot": {
      "Package": "rprojroot",
      "Version": "2.0.4",
      "Source": "Repository",
      "Repository": "CRAN",
      "Requirements": [
        "R"
      ],
      "Hash": "4c8415e0ec1e29f3f4f6fc108bef0144"
    },
    "withr": {
      "Package": "withr",
      "Version": "3.0.1",
      "Source": "Repository",
      "Repository": "CRAN",
      "Requirements": [
        "R",
        "grDevices",
        "graphics"
      ],
      "Hash": "07909200e8bbe90426fbfeb73e1e27aa"
    }
  }
}
